// !$*UTF8*$!
{
	archiveVersion = 1;
	classes = {
	};
	objectVersion = 52;
	objects = {

/* Begin PBXBuildFile section */
		D45E263A27A38A0A0058EEB0 /* Network.swift in Sources */ = {isa = PBXBuildFile; fileRef = D45E263927A38A0A0058EEB0 /* Network.swift */; };
		D45E263E27A38E2F0058EEB0 /* Alamofire in Frameworks */ = {isa = PBXBuildFile; productRef = D45E263D27A38E2F0058EEB0 /* Alamofire */; };
		D45E264227A38E7E0058EEB0 /* JGProgressHUD in Frameworks */ = {isa = PBXBuildFile; productRef = D45E264127A38E7E0058EEB0 /* JGProgressHUD */; };
		D4D0555127A139AF00F68479 /* AppDelegate.swift in Sources */ = {isa = PBXBuildFile; fileRef = D4D0555027A139AF00F68479 /* AppDelegate.swift */; };
		D4D0555327A139AF00F68479 /* SceneDelegate.swift in Sources */ = {isa = PBXBuildFile; fileRef = D4D0555227A139AF00F68479 /* SceneDelegate.swift */; };
		D4D0555827A139AF00F68479 /* Main.storyboard in Resources */ = {isa = PBXBuildFile; fileRef = D4D0555627A139AF00F68479 /* Main.storyboard */; };
		D4D0555A27A139BF00F68479 /* Assets.xcassets in Resources */ = {isa = PBXBuildFile; fileRef = D4D0555927A139BF00F68479 /* Assets.xcassets */; };
		D4D0555D27A139BF00F68479 /* LaunchScreen.storyboard in Resources */ = {isa = PBXBuildFile; fileRef = D4D0555B27A139BF00F68479 /* LaunchScreen.storyboard */; };
		D4D0556D27A13A3F00F68479 /* HomeViewController.swift in Sources */ = {isa = PBXBuildFile; fileRef = D4D0556B27A13A3F00F68479 /* HomeViewController.swift */; };
		D4D0556E27A13A3F00F68479 /* HomeViewController.xib in Resources */ = {isa = PBXBuildFile; fileRef = D4D0556C27A13A3F00F68479 /* HomeViewController.xib */; };
		D4D0557327A13A5900F68479 /* CreateViewController.swift in Sources */ = {isa = PBXBuildFile; fileRef = D4D0557127A13A5900F68479 /* CreateViewController.swift */; };
		D4D0557427A13A5900F68479 /* CreateViewController.xib in Resources */ = {isa = PBXBuildFile; fileRef = D4D0557227A13A5900F68479 /* CreateViewController.xib */; };
		D4D0557827A13A7100F68479 /* EditViewController.swift in Sources */ = {isa = PBXBuildFile; fileRef = D4D0557627A13A7100F68479 /* EditViewController.swift */; };
		D4D0557927A13A7100F68479 /* EditViewController.xib in Resources */ = {isa = PBXBuildFile; fileRef = D4D0557727A13A7100F68479 /* EditViewController.xib */; };
		D4D0557C27A13A8600F68479 /* BaseViewController.swift in Sources */ = {isa = PBXBuildFile; fileRef = D4D0557B27A13A8600F68479 /* BaseViewController.swift */; };
		D4D0558027A140C500F68479 /* Post.swift in Sources */ = {isa = PBXBuildFile; fileRef = D4D0557F27A140C500F68479 /* Post.swift */; };
		D4D0558427A1497C00F68479 /* PostTableViewCell.swift in Sources */ = {isa = PBXBuildFile; fileRef = D4D0558227A1497C00F68479 /* PostTableViewCell.swift */; };
		D4D0558527A1497C00F68479 /* PostTableViewCell.xib in Resources */ = {isa = PBXBuildFile; fileRef = D4D0558327A1497C00F68479 /* PostTableViewCell.xib */; };
/* End PBXBuildFile section */

/* Begin PBXFileReference section */
		D45E263927A38A0A0058EEB0 /* Network.swift */ = {isa = PBXFileReference; lastKnownFileType = sourcecode.swift; path = Network.swift; sourceTree = "<group>"; };
		D4D0554D27A139AF00F68479 /* StoryboardContact.app */ = {isa = PBXFileReference; explicitFileType = wrapper.application; includeInIndex = 0; path = StoryboardContact.app; sourceTree = BUILT_PRODUCTS_DIR; };
		D4D0555027A139AF00F68479 /* AppDelegate.swift */ = {isa = PBXFileReference; lastKnownFileType = sourcecode.swift; path = AppDelegate.swift; sourceTree = "<group>"; };
		D4D0555227A139AF00F68479 /* SceneDelegate.swift */ = {isa = PBXFileReference; lastKnownFileType = sourcecode.swift; path = SceneDelegate.swift; sourceTree = "<group>"; };
		D4D0555727A139AF00F68479 /* Base */ = {isa = PBXFileReference; lastKnownFileType = file.storyboard; name = Base; path = Base.lproj/Main.storyboard; sourceTree = "<group>"; };
		D4D0555927A139BF00F68479 /* Assets.xcassets */ = {isa = PBXFileReference; lastKnownFileType = folder.assetcatalog; path = Assets.xcassets; sourceTree = "<group>"; };
		D4D0555C27A139BF00F68479 /* Base */ = {isa = PBXFileReference; lastKnownFileType = file.storyboard; name = Base; path = Base.lproj/LaunchScreen.storyboard; sourceTree = "<group>"; };
		D4D0555E27A139BF00F68479 /* Info.plist */ = {isa = PBXFileReference; lastKnownFileType = text.plist.xml; path = Info.plist; sourceTree = "<group>"; };
		D4D0556B27A13A3F00F68479 /* HomeViewController.swift */ = {isa = PBXFileReference; lastKnownFileType = sourcecode.swift; path = HomeViewController.swift; sourceTree = "<group>"; };
		D4D0556C27A13A3F00F68479 /* HomeViewController.xib */ = {isa = PBXFileReference; lastKnownFileType = file.xib; path = HomeViewController.xib; sourceTree = "<group>"; };
		D4D0557127A13A5900F68479 /* CreateViewController.swift */ = {isa = PBXFileReference; lastKnownFileType = sourcecode.swift; path = CreateViewController.swift; sourceTree = "<group>"; };
		D4D0557227A13A5900F68479 /* CreateViewController.xib */ = {isa = PBXFileReference; lastKnownFileType = file.xib; path = CreateViewController.xib; sourceTree = "<group>"; };
		D4D0557627A13A7100F68479 /* EditViewController.swift */ = {isa = PBXFileReference; lastKnownFileType = sourcecode.swift; path = EditViewController.swift; sourceTree = "<group>"; };
		D4D0557727A13A7100F68479 /* EditViewController.xib */ = {isa = PBXFileReference; lastKnownFileType = file.xib; path = EditViewController.xib; sourceTree = "<group>"; };
		D4D0557B27A13A8600F68479 /* BaseViewController.swift */ = {isa = PBXFileReference; lastKnownFileType = sourcecode.swift; path = BaseViewController.swift; sourceTree = "<group>"; };
		D4D0557F27A140C500F68479 /* Post.swift */ = {isa = PBXFileReference; lastKnownFileType = sourcecode.swift; path = Post.swift; sourceTree = "<group>"; };
		D4D0558227A1497C00F68479 /* PostTableViewCell.swift */ = {isa = PBXFileReference; lastKnownFileType = sourcecode.swift; path = PostTableViewCell.swift; sourceTree = "<group>"; };
		D4D0558327A1497C00F68479 /* PostTableViewCell.xib */ = {isa = PBXFileReference; lastKnownFileType = file.xib; path = PostTableViewCell.xib; sourceTree = "<group>"; };
/* End PBXFileReference section */

/* Begin PBXFrameworksBuildPhase section */
		D4D0554A27A139AF00F68479 /* Frameworks */ = {
			isa = PBXFrameworksBuildPhase;
			buildActionMask = 2147483647;
			files = (
				D45E264227A38E7E0058EEB0 /* JGProgressHUD in Frameworks */,
				D45E263E27A38E2F0058EEB0 /* Alamofire in Frameworks */,
			);
			runOnlyForDeploymentPostprocessing = 0;
		};
/* End PBXFrameworksBuildPhase section */

/* Begin PBXGroup section */
		D45E263827A389E30058EEB0 /* network */ = {
			isa = PBXGroup;
			children = (
				D45E263927A38A0A0058EEB0 /* Network.swift */,
			);
			path = network;
			sourceTree = "<group>";
		};
		D4D0554427A139AF00F68479 = {
			isa = PBXGroup;
			children = (
				D4D0554F27A139AF00F68479 /* StoryboardContact */,
				D4D0554E27A139AF00F68479 /* Products */,
			);
			sourceTree = "<group>";
		};
		D4D0554E27A139AF00F68479 /* Products */ = {
			isa = PBXGroup;
			children = (
				D4D0554D27A139AF00F68479 /* StoryboardContact.app */,
			);
			name = Products;
			sourceTree = "<group>";
		};
		D4D0554F27A139AF00F68479 /* StoryboardContact */ = {
			isa = PBXGroup;
			children = (
				D45E263827A389E30058EEB0 /* network */,
				D4D0556A27A13A1400F68479 /* Cell */,
				D4D0556927A13A0300F68479 /* Model */,
				D4D0556827A139F100F68479 /* Controllers */,
				D4D0556427A139CB00F68479 /* AppUtilis */,
				D4D0555027A139AF00F68479 /* AppDelegate.swift */,
				D4D0555227A139AF00F68479 /* SceneDelegate.swift */,
				D4D0555E27A139BF00F68479 /* Info.plist */,
			);
			path = StoryboardContact;
			sourceTree = "<group>";
		};
		D4D0556427A139CB00F68479 /* AppUtilis */ = {
			isa = PBXGroup;
			children = (
				D4D0555927A139BF00F68479 /* Assets.xcassets */,
				D4D0555627A139AF00F68479 /* Main.storyboard */,
				D4D0555B27A139BF00F68479 /* LaunchScreen.storyboard */,
			);
			path = AppUtilis;
			sourceTree = "<group>";
		};
		D4D0556827A139F100F68479 /* Controllers */ = {
			isa = PBXGroup;
			children = (
				D4D0557B27A13A8600F68479 /* BaseViewController.swift */,
				D4D0556B27A13A3F00F68479 /* HomeViewController.swift */,
				D4D0556C27A13A3F00F68479 /* HomeViewController.xib */,
				D4D0557127A13A5900F68479 /* CreateViewController.swift */,
				D4D0557227A13A5900F68479 /* CreateViewController.xib */,
				D4D0557627A13A7100F68479 /* EditViewController.swift */,
				D4D0557727A13A7100F68479 /* EditViewController.xib */,
			);
			path = Controllers;
			sourceTree = "<group>";
		};
		D4D0556927A13A0300F68479 /* Model */ = {
			isa = PBXGroup;
			children = (
				D4D0557F27A140C500F68479 /* Post.swift */,
			);
			path = Model;
			sourceTree = "<group>";
		};
		D4D0556A27A13A1400F68479 /* Cell */ = {
			isa = PBXGroup;
			children = (
				D4D0558227A1497C00F68479 /* PostTableViewCell.swift */,
				D4D0558327A1497C00F68479 /* PostTableViewCell.xib */,
			);
			path = Cell;
			sourceTree = "<group>";
		};
/* End PBXGroup section */

/* Begin PBXNativeTarget section */
		D4D0554C27A139AF00F68479 /* StoryboardContact */ = {
			isa = PBXNativeTarget;
			buildConfigurationList = D4D0556127A139BF00F68479 /* Build configuration list for PBXNativeTarget "StoryboardContact" */;
			buildPhases = (
				D4D0554927A139AF00F68479 /* Sources */,
				D4D0554A27A139AF00F68479 /* Frameworks */,
				D4D0554B27A139AF00F68479 /* Resources */,
			);
			buildRules = (
			);
			dependencies = (
			);
			name = StoryboardContact;
			packageProductDependencies = (
				D45E263D27A38E2F0058EEB0 /* Alamofire */,
				D45E264127A38E7E0058EEB0 /* JGProgressHUD */,
			);
			productName = StoryboardContact;
			productReference = D4D0554D27A139AF00F68479 /* StoryboardContact.app */;
			productType = "com.apple.product-type.application";
		};
/* End PBXNativeTarget section */

/* Begin PBXProject section */
		D4D0554527A139AF00F68479 /* Project object */ = {
			isa = PBXProject;
			attributes = {
				LastSwiftUpdateCheck = 1240;
				LastUpgradeCheck = 1240;
				TargetAttributes = {
					D4D0554C27A139AF00F68479 = {
						CreatedOnToolsVersion = 12.4;
					};
				};
			};
			buildConfigurationList = D4D0554827A139AF00F68479 /* Build configuration list for PBXProject "StoryboardContact" */;
			compatibilityVersion = "Xcode 9.3";
			developmentRegion = en;
			hasScannedForEncodings = 0;
			knownRegions = (
				en,
				Base,
			);
			mainGroup = D4D0554427A139AF00F68479;
			packageReferences = (
				D45E263C27A38E2E0058EEB0 /* XCRemoteSwiftPackageReference "Alamofire" */,
				D45E264027A38E7E0058EEB0 /* XCRemoteSwiftPackageReference "JGProgressHUD" */,
			);
			productRefGroup = D4D0554E27A139AF00F68479 /* Products */;
			projectDirPath = "";
			projectRoot = "";
			targets = (
				D4D0554C27A139AF00F68479 /* StoryboardContact */,
			);
		};
/* End PBXProject section */

/* Begin PBXResourcesBuildPhase section */
		D4D0554B27A139AF00F68479 /* Resources */ = {
			isa = PBXResourcesBuildPhase;
			buildActionMask = 2147483647;
			files = (
				D4D0557927A13A7100F68479 /* EditViewController.xib in Resources */,
				D4D0555D27A139BF00F68479 /* LaunchScreen.storyboard in Resources */,
				D4D0557427A13A5900F68479 /* CreateViewController.xib in Resources */,
				D4D0555A27A139BF00F68479 /* Assets.xcassets in Resources */,
				D4D0558527A1497C00F68479 /* PostTableViewCell.xib in Resources */,
				D4D0555827A139AF00F68479 /* Main.storyboard in Resources */,
				D4D0556E27A13A3F00F68479 /* HomeViewController.xib in Resources */,
			);
			runOnlyForDeploymentPostprocessing = 0;
		};
/* End PBXResourcesBuildPhase section */

/* Begin PBXSourcesBuildPhase section */
		D4D0554927A139AF00F68479 /* Sources */ = {
			isa = PBXSourcesBuildPhase;
			buildActionMask = 2147483647;
			files = (
				D4D0557827A13A7100F68479 /* EditViewController.swift in Sources */,
				D4D0557327A13A5900F68479 /* CreateViewController.swift in Sources */,
				D4D0555127A139AF00F68479 /* AppDelegate.swift in Sources */,
				D4D0558427A1497C00F68479 /* PostTableViewCell.swift in Sources */,
				D4D0555327A139AF00F68479 /* SceneDelegate.swift in Sources */,
				D45E263A27A38A0A0058EEB0 /* Network.swift in Sources */,
				D4D0556D27A13A3F00F68479 /* HomeViewController.swift in Sources */,
				D4D0557C27A13A8600F68479 /* BaseViewController.swift in Sources */,
				D4D0558027A140C500F68479 /* Post.swift in Sources */,
			);
			runOnlyForDeploymentPostprocessing = 0;
		};
/* End PBXSourcesBuildPhase section */

/* Begin PBXVariantGroup section */
		D4D0555627A139AF00F68479 /* Main.storyboard */ = {
			isa = PBXVariantGroup;
			children = (
				D4D0555727A139AF00F68479 /* Base */,
			);
			name = Main.storyboard;
			sourceTree = "<group>";
		};
		D4D0555B27A139BF00F68479 /* LaunchScreen.storyboard */ = {
			isa = PBXVariantGroup;
			children = (
				D4D0555C27A139BF00F68479 /* Base */,
			);
			name = LaunchScreen.storyboard;
			sourceTree = "<group>";
		};
/* End PBXVariantGroup section */

/* Begin XCBuildConfiguration section */
		D4D0555F27A139BF00F68479 /* Debug */ = {
			isa = XCBuildConfiguration;
			buildSettings = {
				ALWAYS_SEARCH_USER_PATHS = NO;
				CLANG_ANALYZER_NONNULL = YES;
				CLANG_ANALYZER_NUMBER_OBJECT_CONVERSION = YES_AGGRESSIVE;
				CLANG_CXX_LANGUAGE_STANDARD = "gnu++14";
				CLANG_CXX_LIBRARY = "libc++";
				CLANG_ENABLE_MODULES = YES;
				CLANG_ENABLE_OBJC_ARC = YES;
				CLANG_ENABLE_OBJC_WEAK = YES;
				CLANG_WARN_BLOCK_CAPTURE_AUTORELEASING = YES;
				CLANG_WARN_BOOL_CONVERSION = YES;
				CLANG_WARN_COMMA = YES;
				CLANG_WARN_CONSTANT_CONVERSION = YES;
				CLANG_WARN_DEPRECATED_OBJC_IMPLEMENTATIONS = YES;
				CLANG_WARN_DIRECT_OBJC_ISA_USAGE = YES_ERROR;
				CLANG_WARN_DOCUMENTATION_COMMENTS = YES;
				CLANG_WARN_EMPTY_BODY = YES;
				CLANG_WARN_ENUM_CONVERSION = YES;
				CLANG_WARN_INFINITE_RECURSION = YES;
				CLANG_WARN_INT_CONVERSION = YES;
				CLANG_WARN_NON_LITERAL_NULL_CONVERSION = YES;
				CLANG_WARN_OBJC_IMPLICIT_RETAIN_SELF = YES;
				CLANG_WARN_OBJC_LITERAL_CONVERSION = YES;
				CLANG_WARN_OBJC_ROOT_CLASS = YES_ERROR;
				CLANG_WARN_QUOTED_INCLUDE_IN_FRAMEWORK_HEADER = YES;
				CLANG_WARN_RANGE_LOOP_ANALYSIS = YES;
				CLANG_WARN_STRICT_PROTOTYPES = YES;
				CLANG_WARN_SUSPICIOUS_MOVE = YES;
				CLANG_WARN_UNGUARDED_AVAILABILITY = YES_AGGRESSIVE;
				CLANG_WARN_UNREACHABLE_CODE = YES;
				CLANG_WARN__DUPLICATE_METHOD_MATCH = YES;
				COPY_PHASE_STRIP = NO;
				DEBUG_INFORMATION_FORMAT = dwarf;
				ENABLE_STRICT_OBJC_MSGSEND = YES;
				ENABLE_TESTABILITY = YES;
				GCC_C_LANGUAGE_STANDARD = gnu11;
				GCC_DYNAMIC_NO_PIC = NO;
				GCC_NO_COMMON_BLOCKS = YES;
				GCC_OPTIMIZATION_LEVEL = 0;
				GCC_PREPROCESSOR_DEFINITIONS = (
					"DEBUG=1",
					"$(inherited)",
				);
				GCC_WARN_64_TO_32_BIT_CONVERSION = YES;
				GCC_WARN_ABOUT_RETURN_TYPE = YES_ERROR;
				GCC_WARN_UNDECLARED_SELECTOR = YES;
				GCC_WARN_UNINITIALIZED_AUTOS = YES_AGGRESSIVE;
				GCC_WARN_UNUSED_FUNCTION = YES;
				GCC_WARN_UNUSED_VARIABLE = YES;
				IPHONEOS_DEPLOYMENT_TARGET = 14.4;
				MTL_ENABLE_DEBUG_INFO = INCLUDE_SOURCE;
				MTL_FAST_MATH = YES;
				ONLY_ACTIVE_ARCH = YES;
				SDKROOT = iphoneos;
				SWIFT_ACTIVE_COMPILATION_CONDITIONS = DEBUG;
				SWIFT_OPTIMIZATION_LEVEL = "-Onone";
			};
			name = Debug;
		};
		D4D0556027A139BF00F68479 /* Release */ = {
			isa = XCBuildConfiguration;
			buildSettings = {
				ALWAYS_SEARCH_USER_PATHS = NO;
				CLANG_ANALYZER_NONNULL = YES;
				CLANG_ANALYZER_NUMBER_OBJECT_CONVERSION = YES_AGGRESSIVE;
				CLANG_CXX_LANGUAGE_STANDARD = "gnu++14";
				CLANG_CXX_LIBRARY = "libc++";
				CLANG_ENABLE_MODULES = YES;
				CLANG_ENABLE_OBJC_ARC = YES;
				CLANG_ENABLE_OBJC_WEAK = YES;
				CLANG_WARN_BLOCK_CAPTURE_AUTORELEASING = YES;
				CLANG_WARN_BOOL_CONVERSION = YES;
				CLANG_WARN_COMMA = YES;
				CLANG_WARN_CONSTANT_CONVERSION = YES;
				CLANG_WARN_DEPRECATED_OBJC_IMPLEMENTATIONS = YES;
				CLANG_WARN_DIRECT_OBJC_ISA_USAGE = YES_ERROR;
				CLANG_WARN_DOCUMENTATION_COMMENTS = YES;
				CLANG_WARN_EMPTY_BODY = YES;
				CLANG_WARN_ENUM_CONVERSION = YES;
				CLANG_WARN_INFINITE_RECURSION = YES;
				CLANG_WARN_INT_CONVERSION = YES;
				CLANG_WARN_NON_LITERAL_NULL_CONVERSION = YES;
				CLANG_WARN_OBJC_IMPLICIT_RETAIN_SELF = YES;
				CLANG_WARN_OBJC_LITERAL_CONVERSION = YES;
				CLANG_WARN_OBJC_ROOT_CLASS = YES_ERROR;
				CLANG_WARN_QUOTED_INCLUDE_IN_FRAMEWORK_HEADER = YES;
				CLANG_WARN_RANGE_LOOP_ANALYSIS = YES;
				CLANG_WARN_STRICT_PROTOTYPES = YES;
				CLANG_WARN_SUSPICIOUS_MOVE = YES;
				CLANG_WARN_UNGUARDED_AVAILABILITY = YES_AGGRESSIVE;
				CLANG_WARN_UNREACHABLE_CODE = YES;
				CLANG_WARN__DUPLICATE_METHOD_MATCH = YES;
				COPY_PHASE_STRIP = NO;
				DEBUG_INFORMATION_FORMAT = "dwarf-with-dsym";
				ENABLE_NS_ASSERTIONS = NO;
				ENABLE_STRICT_OBJC_MSGSEND = YES;
				GCC_C_LANGUAGE_STANDARD = gnu11;
				GCC_NO_COMMON_BLOCKS = YES;
				GCC_WARN_64_TO_32_BIT_CONVERSION = YES;
				GCC_WARN_ABOUT_RETURN_TYPE = YES_ERROR;
				GCC_WARN_UNDECLARED_SELECTOR = YES;
				GCC_WARN_UNINITIALIZED_AUTOS = YES_AGGRESSIVE;
				GCC_WARN_UNUSED_FUNCTION = YES;
				GCC_WARN_UNUSED_VARIABLE = YES;
				IPHONEOS_DEPLOYMENT_TARGET = 14.4;
				MTL_ENABLE_DEBUG_INFO = NO;
				MTL_FAST_MATH = YES;
				SDKROOT = iphoneos;
				SWIFT_COMPILATION_MODE = wholemodule;
				SWIFT_OPTIMIZATION_LEVEL = "-O";
				VALIDATE_PRODUCT = YES;
			};
			name = Release;
		};
		D4D0556227A139BF00F68479 /* Debug */ = {
			isa = XCBuildConfiguration;
			buildSettings = {
				ASSETCATALOG_COMPILER_APPICON_NAME = AppIcon;
				ASSETCATALOG_COMPILER_GLOBAL_ACCENT_COLOR_NAME = AccentColor;
				CODE_SIGN_STYLE = Automatic;
				DEVELOPMENT_TEAM = HFBB6GBVXZ;
				INFOPLIST_FILE = StoryboardContact/Info.plist;
				LD_RUNPATH_SEARCH_PATHS = (
					"$(inherited)",
					"@executable_path/Frameworks",
				);
				PRODUCT_BUNDLE_IDENTIFIER = Time.StoryboardContact;
				PRODUCT_NAME = "$(TARGET_NAME)";
				SWIFT_VERSION = 5.0;
				TARGETED_DEVICE_FAMILY = "1,2";
			};
			name = Debug;
		};
		D4D0556327A139BF00F68479 /* Release */ = {
			isa = XCBuildConfiguration;
			buildSettings = {
				ASSETCATALOG_COMPILER_APPICON_NAME = AppIcon;
				ASSETCATALOG_COMPILER_GLOBAL_ACCENT_COLOR_NAME = AccentColor;
				CODE_SIGN_STYLE = Automatic;
				DEVELOPMENT_TEAM = HFBB6GBVXZ;
				INFOPLIST_FILE = StoryboardContact/Info.plist;
				LD_RUNPATH_SEARCH_PATHS = (
					"$(inherited)",
					"@executable_path/Frameworks",
				);
				PRODUCT_BUNDLE_IDENTIFIER = Time.StoryboardContact;
				PRODUCT_NAME = "$(TARGET_NAME)";
				SWIFT_VERSION = 5.0;
				TARGETED_DEVICE_FAMILY = "1,2";
			};
			name = Release;
		};
/* End XCBuildConfiguration section */

/* Begin XCConfigurationList section */
		D4D0554827A139AF00F68479 /* Build configuration list for PBXProject "StoryboardContact" */ = {
			isa = XCConfigurationList;
			buildConfigurations = (
				D4D0555F27A139BF00F68479 /* Debug */,
				D4D0556027A139BF00F68479 /* Release */,
			);
			defaultConfigurationIsVisible = 0;
			defaultConfigurationName = Release;
		};
		D4D0556127A139BF00F68479 /* Build configuration list for PBXNativeTarget "StoryboardContact" */ = {
			isa = XCConfigurationList;
			buildConfigurations = (
				D4D0556227A139BF00F68479 /* Debug */,
				D4D0556327A139BF00F68479 /* Release */,
			);
			defaultConfigurationIsVisible = 0;
			defaultConfigurationName = Release;
		};
/* End XCConfigurationList section */

/* Begin XCRemoteSwiftPackageReference section */
		D45E263C27A38E2E0058EEB0 /* XCRemoteSwiftPackageReference "Alamofire" */ = {
			isa = XCRemoteSwiftPackageReference;
			repositoryURL = "https://github.com/Alamofire/Alamofire.git";
			requirement = {
				kind = upToNextMajorVersion;
				minimumVersion = 5.0.0;
			};
		};
		D45E264027A38E7E0058EEB0 /* XCRemoteSwiftPackageReference "JGProgressHUD" */ = {
			isa = XCRemoteSwiftPackageReference;
			repositoryURL = "https://github.com/JonasGessner/JGProgressHUD.git";
			requirement = {
				kind = upToNextMajorVersion;
				minimumVersion = 2.2.0;
			};
		};
/* End XCRemoteSwiftPackageReference section */

/* Begin XCSwiftPackageProductDependency section */
		D45E263D27A38E2F0058EEB0 /* Alamofire */ = {
			isa = XCSwiftPackageProductDependency;
			package = D45E263C27A38E2E0058EEB0 /* XCRemoteSwiftPackageReference "Alamofire" */;
			productName = Alamofire;
		};
		D45E264127A38E7E0058EEB0 /* JGProgressHUD */ = {
			isa = XCSwiftPackageProductDependency;
			package = D45E264027A38E7E0058EEB0 /* XCRemoteSwiftPackageReference "JGProgressHUD" */;
			productName = JGProgressHUD;
		};
/* End XCSwiftPackageProductDependency section */
	};
	rootObject = D4D0554527A139AF00F68479 /* Project object */;
}
